
Microsoft Visual Studio Solution File, Format Version 12.00
# Visual Studio Version 17
VisualStudioVersion = 17.11.35208.52
MinimumVisualStudioVersion = 10.0.40219.1
Project("{FAE04EC0-301F-11D3-BF4B-00C04F79EFBC}") = "Exercício estoque de produtos", "Exercício estoque de produtos\Exercício estoque de produtos.csproj", "{2FFCC7B9-7B79-4228-AAEC-28DA5709ED9C}"
EndProject
Global
	GlobalSection(SolutionConfigurationPlatforms) = preSolution
		Debug|Any CPU = Debug|Any CPU
		Release|Any CPU = Release|Any CPU
	EndGlobalSection
	GlobalSection(ProjectConfigurationPlatforms) = postSolution
		{2FFCC7B9-7B79-4228-AAEC-28DA5709ED9C}.Debug|Any CPU.ActiveCfg = Debug|Any CPU
		{2FFCC7B9-7B79-4228-AAEC-28DA5709ED9C}.Debug|Any CPU.Build.0 = Debug|Any CPU
		{2FFCC7B9-7B79-4228-AAEC-28DA5709ED9C}.Release|Any CPU.ActiveCfg = Release|Any CPU
		{2FFCC7B9-7B79-4228-AAEC-28DA5709ED9C}.Release|Any CPU.Build.0 = Release|Any CPU
	EndGlobalSection
	GlobalSection(SolutionProperties) = preSolution
		HideSolutionNode = FALSE
	EndGlobalSection
	GlobalSection(ExtensibilityGlobals) = postSolution
		SolutionGuid = {DAECFEAA-C041-44E9-8735-220A4C39A38C}
	EndGlobalSection
EndGlobal
